{
  "pins" : [
    {
      "identity" : "quiver",
      "kind" : "remoteSourceControl",
      "location" : "https://github.com/waynewbishop/quiver.git",
      "state" : {
        "revision" : "a7575ac78fb7cebee99eae3c19e1ca4cd39c4428",
        "version" : "1.4.0"
      }
    }
  ],
  "version" : 2
}
