{
  "pins" : [
    {
      "identity" : "quiver",
      "kind" : "remoteSourceControl",
      "location" : "https://github.com/waynewbishop/quiver.git",
      "state" : {
        "revision" : "ab660a732a1fb42408385a2cb36803a91948f206",
        "version" : "1.2.5"
      }
    }
  ],
  "version" : 2
}
