{
  "pins" : [
    {
      "identity" : "quiver",
      "kind" : "remoteSourceControl",
      "location" : "https://github.com/waynewbishop/quiver.git",
      "state" : {
        "revision" : "3cc76594ed31e150db6a91cbe9677d48f6f5f220",
        "version" : "1.2.1"
      }
    }
  ],
  "version" : 2
}
